// !$*UTF8*$!
{
	archiveVersion = 1;
	classes = {
	};
	objectVersion = 56;
	objects = {

/* Begin PBXBuildFile section */
		65152AB229F601CE00CE9AA0 /* UIView+.swift in Sources */ = {isa = PBXBuildFile; fileRef = 65152AB129F601CE00CE9AA0 /* UIView+.swift */; };
		65152AB429F6061700CE9AA0 /* AmountView.swift in Sources */ = {isa = PBXBuildFile; fileRef = 65152AB329F6061700CE9AA0 /* AmountView.swift */; };
		65152AB629F61B8500CE9AA0 /* HeaderView.swift in Sources */ = {isa = PBXBuildFile; fileRef = 65152AB529F61B8500CE9AA0 /* HeaderView.swift */; };
		65152AB929F620F700CE9AA0 /* TipChoice.swift in Sources */ = {isa = PBXBuildFile; fileRef = 65152AB829F620F700CE9AA0 /* TipChoice.swift */; };
		65152ABC29F65BCD00CE9AA0 /* CalculatorVM.swift in Sources */ = {isa = PBXBuildFile; fileRef = 65152ABB29F65BCD00CE9AA0 /* CalculatorVM.swift */; };
		65152ABE29F65CB200CE9AA0 /* Result.swift in Sources */ = {isa = PBXBuildFile; fileRef = 65152ABD29F65CB200CE9AA0 /* Result.swift */; };
		65152AC029F65F1100CE9AA0 /* String+.swift in Sources */ = {isa = PBXBuildFile; fileRef = 65152ABF29F65F1100CE9AA0 /* String+.swift */; };
		65152AC229F6649100CE9AA0 /* UIResponder+.swift in Sources */ = {isa = PBXBuildFile; fileRef = 65152AC129F6649000CE9AA0 /* UIResponder+.swift */; };
		65152AC429F6E52200CE9AA0 /* Int+.swift in Sources */ = {isa = PBXBuildFile; fileRef = 65152AC329F6E52200CE9AA0 /* Int+.swift */; };
		65152AC629F6E9D100CE9AA0 /* Double+.swift in Sources */ = {isa = PBXBuildFile; fileRef = 65152AC529F6E9D100CE9AA0 /* Double+.swift */; };
		65152ACA29F6F1AC00CE9AA0 /* click.m4a in Resources */ = {isa = PBXBuildFile; fileRef = 65152AC929F6F1AC00CE9AA0 /* click.m4a */; };
		65152ACD29F6F1C600CE9AA0 /* AudioPlayerService.swift in Sources */ = {isa = PBXBuildFile; fileRef = 65152ACC29F6F1C600CE9AA0 /* AudioPlayerService.swift */; };
		652612D929F5C8660024EB4A /* AppDelegate.swift in Sources */ = {isa = PBXBuildFile; fileRef = 652612D829F5C8660024EB4A /* AppDelegate.swift */; };
		652612DB29F5C8660024EB4A /* SceneDelegate.swift in Sources */ = {isa = PBXBuildFile; fileRef = 652612DA29F5C8660024EB4A /* SceneDelegate.swift */; };
		652612DD29F5C8660024EB4A /* CalculatorVC.swift in Sources */ = {isa = PBXBuildFile; fileRef = 652612DC29F5C8660024EB4A /* CalculatorVC.swift */; };
		652612E229F5C8680024EB4A /* Assets.xcassets in Resources */ = {isa = PBXBuildFile; fileRef = 652612E129F5C8680024EB4A /* Assets.xcassets */; };
		652612E529F5C8680024EB4A /* LaunchScreen.storyboard in Resources */ = {isa = PBXBuildFile; fileRef = 652612E329F5C8680024EB4A /* LaunchScreen.storyboard */; };
		652612F029F5C8680024EB4A /* tip_calculatorTests.swift in Sources */ = {isa = PBXBuildFile; fileRef = 652612EF29F5C8680024EB4A /* tip_calculatorTests.swift */; };
		652612FA29F5C8680024EB4A /* tip_calculatorUITests.swift in Sources */ = {isa = PBXBuildFile; fileRef = 652612F929F5C8680024EB4A /* tip_calculatorUITests.swift */; };
		6526130A29F5C8840024EB4A /* CombineCocoa in Frameworks */ = {isa = PBXBuildFile; productRef = 6526130929F5C8840024EB4A /* CombineCocoa */; };
		6526130D29F5C8C30024EB4A /* SnapKit in Frameworks */ = {isa = PBXBuildFile; productRef = 6526130C29F5C8C30024EB4A /* SnapKit */; };
		6526131029F5C8F10024EB4A /* CombineCocoa in Frameworks */ = {isa = PBXBuildFile; productRef = 6526130F29F5C8F10024EB4A /* CombineCocoa */; };
		6526131329F5C92C0024EB4A /* SnapshotTesting in Frameworks */ = {isa = PBXBuildFile; productRef = 6526131229F5C92C0024EB4A /* SnapshotTesting */; };
		6526131529F5C9450024EB4A /* CombineCocoa in Frameworks */ = {isa = PBXBuildFile; productRef = 6526131429F5C9450024EB4A /* CombineCocoa */; };
		6526131829F5CC5F0024EB4A /* LogoView.swift in Sources */ = {isa = PBXBuildFile; fileRef = 6526131729F5CC5F0024EB4A /* LogoView.swift */; };
		6526131A29F5CD000024EB4A /* ResultView.swift in Sources */ = {isa = PBXBuildFile; fileRef = 6526131929F5CD000024EB4A /* ResultView.swift */; };
		6526131C29F5CD160024EB4A /* BillInputView.swift in Sources */ = {isa = PBXBuildFile; fileRef = 6526131B29F5CD160024EB4A /* BillInputView.swift */; };
		6526131E29F5CD260024EB4A /* TipInputView.swift in Sources */ = {isa = PBXBuildFile; fileRef = 6526131D29F5CD260024EB4A /* TipInputView.swift */; };
		6526132029F5CD350024EB4A /* SplitInputView.swift in Sources */ = {isa = PBXBuildFile; fileRef = 6526131F29F5CD350024EB4A /* SplitInputView.swift */; };
		6526132329F5EDFA0024EB4A /* ThemeColor.swift in Sources */ = {isa = PBXBuildFile; fileRef = 6526132229F5EDFA0024EB4A /* ThemeColor.swift */; };
		6526132529F5EE010024EB4A /* ThemeFont.swift in Sources */ = {isa = PBXBuildFile; fileRef = 6526132429F5EE010024EB4A /* ThemeFont.swift */; };
		6526132829F5EE2B0024EB4A /* UIColor+.swift in Sources */ = {isa = PBXBuildFile; fileRef = 6526132729F5EE2B0024EB4A /* UIColor+.swift */; };
		6526132B29F5FBE20024EB4A /* LabelFactory.swift in Sources */ = {isa = PBXBuildFile; fileRef = 6526132A29F5FBE20024EB4A /* LabelFactory.swift */; };
		65C5477629F8E9C90011DFB0 /* tip_calculatorSnapshotTest.swift in Sources */ = {isa = PBXBuildFile; fileRef = 65C5477529F8E9C90011DFB0 /* tip_calculatorSnapshotTest.swift */; };
		65C5477829F8EF420011DFB0 /* ScreenIdentifier.swift in Sources */ = {isa = PBXBuildFile; fileRef = 65C5477729F8EF420011DFB0 /* ScreenIdentifier.swift */; };
		65C5477929F8EF420011DFB0 /* ScreenIdentifier.swift in Sources */ = {isa = PBXBuildFile; fileRef = 65C5477729F8EF420011DFB0 /* ScreenIdentifier.swift */; };
		65C5477C29F8F0330011DFB0 /* CalculatorScreen.swift in Sources */ = {isa = PBXBuildFile; fileRef = 65C5477A29F8F0330011DFB0 /* CalculatorScreen.swift */; };
/* End PBXBuildFile section */

/* Begin PBXContainerItemProxy section */
		652612EC29F5C8680024EB4A /* PBXContainerItemProxy */ = {
			isa = PBXContainerItemProxy;
			containerPortal = 652612CD29F5C8660024EB4A /* Project object */;
			proxyType = 1;
			remoteGlobalIDString = 652612D429F5C8660024EB4A;
			remoteInfo = "tip-calculator";
		};
		652612F629F5C8680024EB4A /* PBXContainerItemProxy */ = {
			isa = PBXContainerItemProxy;
			containerPortal = 652612CD29F5C8660024EB4A /* Project object */;
			proxyType = 1;
			remoteGlobalIDString = 652612D429F5C8660024EB4A;
			remoteInfo = "tip-calculator";
		};
/* End PBXContainerItemProxy section */

/* Begin PBXFileReference section */
		65152AB129F601CE00CE9AA0 /* UIView+.swift */ = {isa = PBXFileReference; lastKnownFileType = sourcecode.swift; path = "UIView+.swift"; sourceTree = "<group>"; };
		65152AB329F6061700CE9AA0 /* AmountView.swift */ = {isa = PBXFileReference; lastKnownFileType = sourcecode.swift; path = AmountView.swift; sourceTree = "<group>"; };
		65152AB529F61B8500CE9AA0 /* HeaderView.swift */ = {isa = PBXFileReference; lastKnownFileType = sourcecode.swift; path = HeaderView.swift; sourceTree = "<group>"; };
		65152AB829F620F700CE9AA0 /* TipChoice.swift */ = {isa = PBXFileReference; lastKnownFileType = sourcecode.swift; path = TipChoice.swift; sourceTree = "<group>"; };
		65152ABB29F65BCD00CE9AA0 /* CalculatorVM.swift */ = {isa = PBXFileReference; lastKnownFileType = sourcecode.swift; path = CalculatorVM.swift; sourceTree = "<group>"; };
		65152ABD29F65CB200CE9AA0 /* Result.swift */ = {isa = PBXFileReference; lastKnownFileType = sourcecode.swift; path = Result.swift; sourceTree = "<group>"; };
		65152ABF29F65F1100CE9AA0 /* String+.swift */ = {isa = PBXFileReference; lastKnownFileType = sourcecode.swift; path = "String+.swift"; sourceTree = "<group>"; };
		65152AC129F6649000CE9AA0 /* UIResponder+.swift */ = {isa = PBXFileReference; lastKnownFileType = sourcecode.swift; path = "UIResponder+.swift"; sourceTree = "<group>"; };
		65152AC329F6E52200CE9AA0 /* Int+.swift */ = {isa = PBXFileReference; lastKnownFileType = sourcecode.swift; path = "Int+.swift"; sourceTree = "<group>"; };
		65152AC529F6E9D100CE9AA0 /* Double+.swift */ = {isa = PBXFileReference; lastKnownFileType = sourcecode.swift; path = "Double+.swift"; sourceTree = "<group>"; };
		65152AC929F6F1AC00CE9AA0 /* click.m4a */ = {isa = PBXFileReference; lastKnownFileType = file; path = click.m4a; sourceTree = "<group>"; };
		65152ACC29F6F1C600CE9AA0 /* AudioPlayerService.swift */ = {isa = PBXFileReference; lastKnownFileType = sourcecode.swift; path = AudioPlayerService.swift; sourceTree = "<group>"; };
		652612D529F5C8660024EB4A /* tip-calculator.app */ = {isa = PBXFileReference; explicitFileType = wrapper.application; includeInIndex = 0; path = "tip-calculator.app"; sourceTree = BUILT_PRODUCTS_DIR; };
		652612D829F5C8660024EB4A /* AppDelegate.swift */ = {isa = PBXFileReference; lastKnownFileType = sourcecode.swift; path = AppDelegate.swift; sourceTree = "<group>"; };
		652612DA29F5C8660024EB4A /* SceneDelegate.swift */ = {isa = PBXFileReference; lastKnownFileType = sourcecode.swift; path = SceneDelegate.swift; sourceTree = "<group>"; };
		652612DC29F5C8660024EB4A /* CalculatorVC.swift */ = {isa = PBXFileReference; lastKnownFileType = sourcecode.swift; path = CalculatorVC.swift; sourceTree = "<group>"; };
		652612E129F5C8680024EB4A /* Assets.xcassets */ = {isa = PBXFileReference; lastKnownFileType = folder.assetcatalog; path = Assets.xcassets; sourceTree = "<group>"; };
		652612E429F5C8680024EB4A /* Base */ = {isa = PBXFileReference; lastKnownFileType = file.storyboard; name = Base; path = Base.lproj/LaunchScreen.storyboard; sourceTree = "<group>"; };
		652612E629F5C8680024EB4A /* Info.plist */ = {isa = PBXFileReference; lastKnownFileType = text.plist.xml; path = Info.plist; sourceTree = "<group>"; };
		652612EB29F5C8680024EB4A /* tip-calculatorTests.xctest */ = {isa = PBXFileReference; explicitFileType = wrapper.cfbundle; includeInIndex = 0; path = "tip-calculatorTests.xctest"; sourceTree = BUILT_PRODUCTS_DIR; };
		652612EF29F5C8680024EB4A /* tip_calculatorTests.swift */ = {isa = PBXFileReference; lastKnownFileType = sourcecode.swift; path = tip_calculatorTests.swift; sourceTree = "<group>"; };
		652612F529F5C8680024EB4A /* tip-calculatorUITests.xctest */ = {isa = PBXFileReference; explicitFileType = wrapper.cfbundle; includeInIndex = 0; path = "tip-calculatorUITests.xctest"; sourceTree = BUILT_PRODUCTS_DIR; };
		652612F929F5C8680024EB4A /* tip_calculatorUITests.swift */ = {isa = PBXFileReference; lastKnownFileType = sourcecode.swift; path = tip_calculatorUITests.swift; sourceTree = "<group>"; };
		6526131729F5CC5F0024EB4A /* LogoView.swift */ = {isa = PBXFileReference; lastKnownFileType = sourcecode.swift; path = LogoView.swift; sourceTree = "<group>"; };
		6526131929F5CD000024EB4A /* ResultView.swift */ = {isa = PBXFileReference; lastKnownFileType = sourcecode.swift; path = ResultView.swift; sourceTree = "<group>"; };
		6526131B29F5CD160024EB4A /* BillInputView.swift */ = {isa = PBXFileReference; lastKnownFileType = sourcecode.swift; path = BillInputView.swift; sourceTree = "<group>"; };
		6526131D29F5CD260024EB4A /* TipInputView.swift */ = {isa = PBXFileReference; lastKnownFileType = sourcecode.swift; path = TipInputView.swift; sourceTree = "<group>"; };
		6526131F29F5CD350024EB4A /* SplitInputView.swift */ = {isa = PBXFileReference; lastKnownFileType = sourcecode.swift; path = SplitInputView.swift; sourceTree = "<group>"; };
		6526132229F5EDFA0024EB4A /* ThemeColor.swift */ = {isa = PBXFileReference; lastKnownFileType = sourcecode.swift; path = ThemeColor.swift; sourceTree = "<group>"; };
		6526132429F5EE010024EB4A /* ThemeFont.swift */ = {isa = PBXFileReference; lastKnownFileType = sourcecode.swift; path = ThemeFont.swift; sourceTree = "<group>"; };
		6526132729F5EE2B0024EB4A /* UIColor+.swift */ = {isa = PBXFileReference; lastKnownFileType = sourcecode.swift; path = "UIColor+.swift"; sourceTree = "<group>"; };
		6526132A29F5FBE20024EB4A /* LabelFactory.swift */ = {isa = PBXFileReference; lastKnownFileType = sourcecode.swift; path = LabelFactory.swift; sourceTree = "<group>"; };
		65C5477529F8E9C90011DFB0 /* tip_calculatorSnapshotTest.swift */ = {isa = PBXFileReference; lastKnownFileType = sourcecode.swift; path = tip_calculatorSnapshotTest.swift; sourceTree = "<group>"; };
		65C5477729F8EF420011DFB0 /* ScreenIdentifier.swift */ = {isa = PBXFileReference; lastKnownFileType = sourcecode.swift; path = ScreenIdentifier.swift; sourceTree = "<group>"; };
		65C5477A29F8F0330011DFB0 /* CalculatorScreen.swift */ = {isa = PBXFileReference; lastKnownFileType = sourcecode.swift; path = CalculatorScreen.swift; sourceTree = "<group>"; };
/* End PBXFileReference section */

/* Begin PBXFrameworksBuildPhase section */
		652612D229F5C8660024EB4A /* Frameworks */ = {
			isa = PBXFrameworksBuildPhase;
			buildActionMask = 2147483647;
			files = (
				6526130A29F5C8840024EB4A /* CombineCocoa in Frameworks */,
				6526130D29F5C8C30024EB4A /* SnapKit in Frameworks */,
			);
			runOnlyForDeploymentPostprocessing = 0;
		};
		652612E829F5C8680024EB4A /* Frameworks */ = {
			isa = PBXFrameworksBuildPhase;
			buildActionMask = 2147483647;
			files = (
				6526131029F5C8F10024EB4A /* CombineCocoa in Frameworks */,
				6526131329F5C92C0024EB4A /* SnapshotTesting in Frameworks */,
			);
			runOnlyForDeploymentPostprocessing = 0;
		};
		652612F229F5C8680024EB4A /* Frameworks */ = {
			isa = PBXFrameworksBuildPhase;
			buildActionMask = 2147483647;
			files = (
				6526131529F5C9450024EB4A /* CombineCocoa in Frameworks */,
			);
			runOnlyForDeploymentPostprocessing = 0;
		};
/* End PBXFrameworksBuildPhase section */

/* Begin PBXGroup section */
		65152AB729F620F100CE9AA0 /* Model */ = {
			isa = PBXGroup;
			children = (
				65152AB829F620F700CE9AA0 /* TipChoice.swift */,
				65152ABD29F65CB200CE9AA0 /* Result.swift */,
				65C5477729F8EF420011DFB0 /* ScreenIdentifier.swift */,
			);
			path = Model;
			sourceTree = "<group>";
		};
		65152ABA29F65BC400CE9AA0 /* ViewModel */ = {
			isa = PBXGroup;
			children = (
				65152ABB29F65BCD00CE9AA0 /* CalculatorVM.swift */,
			);
			path = ViewModel;
			sourceTree = "<group>";
		};
		65152AC729F6F19200CE9AA0 /* Resource */ = {
			isa = PBXGroup;
			children = (
				65152AC929F6F1AC00CE9AA0 /* click.m4a */,
			);
			path = Resource;
			sourceTree = "<group>";
		};
		65152ACB29F6F1BB00CE9AA0 /* Service */ = {
			isa = PBXGroup;
			children = (
				65152ACC29F6F1C600CE9AA0 /* AudioPlayerService.swift */,
			);
			path = Service;
			sourceTree = "<group>";
		};
		652612CC29F5C8660024EB4A = {
			isa = PBXGroup;
			children = (
				652612D729F5C8660024EB4A /* tip-calculator */,
				652612EE29F5C8680024EB4A /* tip-calculatorTests */,
				652612F829F5C8680024EB4A /* tip-calculatorUITests */,
				652612D629F5C8660024EB4A /* Products */,
				6526130E29F5C8F10024EB4A /* Frameworks */,
			);
			sourceTree = "<group>";
		};
		652612D629F5C8660024EB4A /* Products */ = {
			isa = PBXGroup;
			children = (
				652612D529F5C8660024EB4A /* tip-calculator.app */,
				652612EB29F5C8680024EB4A /* tip-calculatorTests.xctest */,
				652612F529F5C8680024EB4A /* tip-calculatorUITests.xctest */,
			);
			name = Products;
			sourceTree = "<group>";
		};
		652612D729F5C8660024EB4A /* tip-calculator */ = {
			isa = PBXGroup;
			children = (
				6526132129F5EDF30024EB4A /* Config */,
				6526132929F5FBD60024EB4A /* Factory */,
				6526132629F5EE200024EB4A /* Helper */,
				65152AC729F6F19200CE9AA0 /* Resource */,
				65152ACB29F6F1BB00CE9AA0 /* Service */,
				65152AB729F620F100CE9AA0 /* Model */,
				6526131629F5CC540024EB4A /* View */,
				65152ABA29F65BC400CE9AA0 /* ViewModel */,
				652612D829F5C8660024EB4A /* AppDelegate.swift */,
				652612DA29F5C8660024EB4A /* SceneDelegate.swift */,
				652612DC29F5C8660024EB4A /* CalculatorVC.swift */,
				652612E129F5C8680024EB4A /* Assets.xcassets */,
				652612E329F5C8680024EB4A /* LaunchScreen.storyboard */,
				652612E629F5C8680024EB4A /* Info.plist */,
			);
			path = "tip-calculator";
			sourceTree = "<group>";
		};
		652612EE29F5C8680024EB4A /* tip-calculatorTests */ = {
			isa = PBXGroup;
			children = (
				652612EF29F5C8680024EB4A /* tip_calculatorTests.swift */,
				65C5477529F8E9C90011DFB0 /* tip_calculatorSnapshotTest.swift */,
			);
			path = "tip-calculatorTests";
			sourceTree = "<group>";
		};
		652612F829F5C8680024EB4A /* tip-calculatorUITests */ = {
			isa = PBXGroup;
			children = (
				652612F929F5C8680024EB4A /* tip_calculatorUITests.swift */,
				65C5477A29F8F0330011DFB0 /* CalculatorScreen.swift */,
			);
			path = "tip-calculatorUITests";
			sourceTree = "<group>";
		};
		6526130E29F5C8F10024EB4A /* Frameworks */ = {
			isa = PBXGroup;
			children = (
			);
			name = Frameworks;
			sourceTree = "<group>";
		};
		6526131629F5CC540024EB4A /* View */ = {
			isa = PBXGroup;
			children = (
				65152AB529F61B8500CE9AA0 /* HeaderView.swift */,
				6526131729F5CC5F0024EB4A /* LogoView.swift */,
				6526131929F5CD000024EB4A /* ResultView.swift */,
				6526131B29F5CD160024EB4A /* BillInputView.swift */,
				6526131D29F5CD260024EB4A /* TipInputView.swift */,
				6526131F29F5CD350024EB4A /* SplitInputView.swift */,
				65152AB329F6061700CE9AA0 /* AmountView.swift */,
			);
			path = View;
			sourceTree = "<group>";
		};
		6526132129F5EDF30024EB4A /* Config */ = {
			isa = PBXGroup;
			children = (
				6526132229F5EDFA0024EB4A /* ThemeColor.swift */,
				6526132429F5EE010024EB4A /* ThemeFont.swift */,
			);
			path = Config;
			sourceTree = "<group>";
		};
		6526132629F5EE200024EB4A /* Helper */ = {
			isa = PBXGroup;
			children = (
				6526132729F5EE2B0024EB4A /* UIColor+.swift */,
				65152AB129F601CE00CE9AA0 /* UIView+.swift */,
				65152ABF29F65F1100CE9AA0 /* String+.swift */,
				65152AC129F6649000CE9AA0 /* UIResponder+.swift */,
				65152AC329F6E52200CE9AA0 /* Int+.swift */,
				65152AC529F6E9D100CE9AA0 /* Double+.swift */,
			);
			path = Helper;
			sourceTree = "<group>";
		};
		6526132929F5FBD60024EB4A /* Factory */ = {
			isa = PBXGroup;
			children = (
				6526132A29F5FBE20024EB4A /* LabelFactory.swift */,
			);
			path = Factory;
			sourceTree = "<group>";
		};
/* End PBXGroup section */

/* Begin PBXNativeTarget section */
		652612D429F5C8660024EB4A /* tip-calculator */ = {
			isa = PBXNativeTarget;
			buildConfigurationList = 652612FF29F5C8680024EB4A /* Build configuration list for PBXNativeTarget "tip-calculator" */;
			buildPhases = (
				652612D129F5C8660024EB4A /* Sources */,
				652612D229F5C8660024EB4A /* Frameworks */,
				652612D329F5C8660024EB4A /* Resources */,
			);
			buildRules = (
			);
			dependencies = (
			);
			name = "tip-calculator";
			packageProductDependencies = (
				6526130929F5C8840024EB4A /* CombineCocoa */,
				6526130C29F5C8C30024EB4A /* SnapKit */,
			);
			productName = "tip-calculator";
			productReference = 652612D529F5C8660024EB4A /* tip-calculator.app */;
			productType = "com.apple.product-type.application";
		};
		652612EA29F5C8680024EB4A /* tip-calculatorTests */ = {
			isa = PBXNativeTarget;
			buildConfigurationList = 6526130229F5C8680024EB4A /* Build configuration list for PBXNativeTarget "tip-calculatorTests" */;
			buildPhases = (
				652612E729F5C8680024EB4A /* Sources */,
				652612E829F5C8680024EB4A /* Frameworks */,
				652612E929F5C8680024EB4A /* Resources */,
			);
			buildRules = (
			);
			dependencies = (
				652612ED29F5C8680024EB4A /* PBXTargetDependency */,
			);
			name = "tip-calculatorTests";
			packageProductDependencies = (
				6526130F29F5C8F10024EB4A /* CombineCocoa */,
				6526131229F5C92C0024EB4A /* SnapshotTesting */,
			);
			productName = "tip-calculatorTests";
			productReference = 652612EB29F5C8680024EB4A /* tip-calculatorTests.xctest */;
			productType = "com.apple.product-type.bundle.unit-test";
		};
		652612F429F5C8680024EB4A /* tip-calculatorUITests */ = {
			isa = PBXNativeTarget;
			buildConfigurationList = 6526130529F5C8680024EB4A /* Build configuration list for PBXNativeTarget "tip-calculatorUITests" */;
			buildPhases = (
				652612F129F5C8680024EB4A /* Sources */,
				652612F229F5C8680024EB4A /* Frameworks */,
				652612F329F5C8680024EB4A /* Resources */,
			);
			buildRules = (
			);
			dependencies = (
				652612F729F5C8680024EB4A /* PBXTargetDependency */,
			);
			name = "tip-calculatorUITests";
			packageProductDependencies = (
				6526131429F5C9450024EB4A /* CombineCocoa */,
			);
			productName = "tip-calculatorUITests";
			productReference = 652612F529F5C8680024EB4A /* tip-calculatorUITests.xctest */;
			productType = "com.apple.product-type.bundle.ui-testing";
		};
/* End PBXNativeTarget section */

/* Begin PBXProject section */
		652612CD29F5C8660024EB4A /* Project object */ = {
			isa = PBXProject;
			attributes = {
				BuildIndependentTargetsInParallel = 1;
				LastSwiftUpdateCheck = 1430;
				LastUpgradeCheck = 1430;
				TargetAttributes = {
					652612D429F5C8660024EB4A = {
						CreatedOnToolsVersion = 14.3;
					};
					652612EA29F5C8680024EB4A = {
						CreatedOnToolsVersion = 14.3;
						TestTargetID = 652612D429F5C8660024EB4A;
					};
					652612F429F5C8680024EB4A = {
						CreatedOnToolsVersion = 14.3;
						TestTargetID = 652612D429F5C8660024EB4A;
					};
				};
			};
			buildConfigurationList = 652612D029F5C8660024EB4A /* Build configuration list for PBXProject "tip-calculator" */;
			compatibilityVersion = "Xcode 14.0";
			developmentRegion = en;
			hasScannedForEncodings = 0;
			knownRegions = (
				en,
				Base,
			);
			mainGroup = 652612CC29F5C8660024EB4A;
			packageReferences = (
				6526130829F5C8840024EB4A /* XCRemoteSwiftPackageReference "combinecocoa" */,
				6526130B29F5C8C30024EB4A /* XCRemoteSwiftPackageReference "snapkit" */,
				6526131129F5C92C0024EB4A /* XCRemoteSwiftPackageReference "swift-snapshot-testing" */,
			);
			productRefGroup = 652612D629F5C8660024EB4A /* Products */;
			projectDirPath = "";
			projectRoot = "";
			targets = (
				652612D429F5C8660024EB4A /* tip-calculator */,
				652612EA29F5C8680024EB4A /* tip-calculatorTests */,
				652612F429F5C8680024EB4A /* tip-calculatorUITests */,
			);
		};
/* End PBXProject section */

/* Begin PBXResourcesBuildPhase section */
		652612D329F5C8660024EB4A /* Resources */ = {
			isa = PBXResourcesBuildPhase;
			buildActionMask = 2147483647;
			files = (
				65152ACA29F6F1AC00CE9AA0 /* click.m4a in Resources */,
				652612E529F5C8680024EB4A /* LaunchScreen.storyboard in Resources */,
				652612E229F5C8680024EB4A /* Assets.xcassets in Resources */,
			);
			runOnlyForDeploymentPostprocessing = 0;
		};
		652612E929F5C8680024EB4A /* Resources */ = {
			isa = PBXResourcesBuildPhase;
			buildActionMask = 2147483647;
			files = (
			);
			runOnlyForDeploymentPostprocessing = 0;
		};
		652612F329F5C8680024EB4A /* Resources */ = {
			isa = PBXResourcesBuildPhase;
			buildActionMask = 2147483647;
			files = (
			);
			runOnlyForDeploymentPostprocessing = 0;
		};
/* End PBXResourcesBuildPhase section */

/* Begin PBXSourcesBuildPhase section */
		652612D129F5C8660024EB4A /* Sources */ = {
			isa = PBXSourcesBuildPhase;
			buildActionMask = 2147483647;
			files = (
				65152AC229F6649100CE9AA0 /* UIResponder+.swift in Sources */,
				65152ABE29F65CB200CE9AA0 /* Result.swift in Sources */,
				65152ABC29F65BCD00CE9AA0 /* CalculatorVM.swift in Sources */,
				65152AB429F6061700CE9AA0 /* AmountView.swift in Sources */,
				65C5477829F8EF420011DFB0 /* ScreenIdentifier.swift in Sources */,
				65152AC629F6E9D100CE9AA0 /* Double+.swift in Sources */,
				652612DD29F5C8660024EB4A /* CalculatorVC.swift in Sources */,
				65152AC429F6E52200CE9AA0 /* Int+.swift in Sources */,
				65152AB929F620F700CE9AA0 /* TipChoice.swift in Sources */,
				6526131829F5CC5F0024EB4A /* LogoView.swift in Sources */,
				6526132329F5EDFA0024EB4A /* ThemeColor.swift in Sources */,
				6526131C29F5CD160024EB4A /* BillInputView.swift in Sources */,
				6526132829F5EE2B0024EB4A /* UIColor+.swift in Sources */,
				65152ACD29F6F1C600CE9AA0 /* AudioPlayerService.swift in Sources */,
				6526131A29F5CD000024EB4A /* ResultView.swift in Sources */,
				652612D929F5C8660024EB4A /* AppDelegate.swift in Sources */,
				6526132529F5EE010024EB4A /* ThemeFont.swift in Sources */,
				652612DB29F5C8660024EB4A /* SceneDelegate.swift in Sources */,
				65152AB629F61B8500CE9AA0 /* HeaderView.swift in Sources */,
				6526132B29F5FBE20024EB4A /* LabelFactory.swift in Sources */,
				65152AC029F65F1100CE9AA0 /* String+.swift in Sources */,
				65152AB229F601CE00CE9AA0 /* UIView+.swift in Sources */,
				6526132029F5CD350024EB4A /* SplitInputView.swift in Sources */,
				6526131E29F5CD260024EB4A /* TipInputView.swift in Sources */,
			);
			runOnlyForDeploymentPostprocessing = 0;
		};
		652612E729F5C8680024EB4A /* Sources */ = {
			isa = PBXSourcesBuildPhase;
			buildActionMask = 2147483647;
			files = (
				65C5477629F8E9C90011DFB0 /* tip_calculatorSnapshotTest.swift in Sources */,
				652612F029F5C8680024EB4A /* tip_calculatorTests.swift in Sources */,
			);
			runOnlyForDeploymentPostprocessing = 0;
		};
		652612F129F5C8680024EB4A /* Sources */ = {
			isa = PBXSourcesBuildPhase;
			buildActionMask = 2147483647;
			files = (
				65C5477929F8EF420011DFB0 /* ScreenIdentifier.swift in Sources */,
				652612FA29F5C8680024EB4A /* tip_calculatorUITests.swift in Sources */,
				65C5477C29F8F0330011DFB0 /* CalculatorScreen.swift in Sources */,
			);
			runOnlyForDeploymentPostprocessing = 0;
		};
/* End PBXSourcesBuildPhase section */

/* Begin PBXTargetDependency section */
		652612ED29F5C8680024EB4A /* PBXTargetDependency */ = {
			isa = PBXTargetDependency;
			target = 652612D429F5C8660024EB4A /* tip-calculator */;
			targetProxy = 652612EC29F5C8680024EB4A /* PBXContainerItemProxy */;
		};
		652612F729F5C8680024EB4A /* PBXTargetDependency */ = {
			isa = PBXTargetDependency;
			target = 652612D429F5C8660024EB4A /* tip-calculator */;
			targetProxy = 652612F629F5C8680024EB4A /* PBXContainerItemProxy */;
		};
/* End PBXTargetDependency section */

/* Begin PBXVariantGroup section */
		652612E329F5C8680024EB4A /* LaunchScreen.storyboard */ = {
			isa = PBXVariantGroup;
			children = (
				652612E429F5C8680024EB4A /* Base */,
			);
			name = LaunchScreen.storyboard;
			sourceTree = "<group>";
		};
/* End PBXVariantGroup section */

/* Begin XCBuildConfiguration section */
		652612FD29F5C8680024EB4A /* Debug */ = {
			isa = XCBuildConfiguration;
			buildSettings = {
				ALWAYS_SEARCH_USER_PATHS = NO;
				CLANG_ANALYZER_NONNULL = YES;
				CLANG_ANALYZER_NUMBER_OBJECT_CONVERSION = YES_AGGRESSIVE;
				CLANG_CXX_LANGUAGE_STANDARD = "gnu++20";
				CLANG_ENABLE_MODULES = YES;
				CLANG_ENABLE_OBJC_ARC = YES;
				CLANG_ENABLE_OBJC_WEAK = YES;
				CLANG_WARN_BLOCK_CAPTURE_AUTORELEASING = YES;
				CLANG_WARN_BOOL_CONVERSION = YES;
				CLANG_WARN_COMMA = YES;
				CLANG_WARN_CONSTANT_CONVERSION = YES;
				CLANG_WARN_DEPRECATED_OBJC_IMPLEMENTATIONS = YES;
				CLANG_WARN_DIRECT_OBJC_ISA_USAGE = YES_ERROR;
				CLANG_WARN_DOCUMENTATION_COMMENTS = YES;
				CLANG_WARN_EMPTY_BODY = YES;
				CLANG_WARN_ENUM_CONVERSION = YES;
				CLANG_WARN_INFINITE_RECURSION = YES;
				CLANG_WARN_INT_CONVERSION = YES;
				CLANG_WARN_NON_LITERAL_NULL_CONVERSION = YES;
				CLANG_WARN_OBJC_IMPLICIT_RETAIN_SELF = YES;
				CLANG_WARN_OBJC_LITERAL_CONVERSION = YES;
				CLANG_WARN_OBJC_ROOT_CLASS = YES_ERROR;
				CLANG_WARN_QUOTED_INCLUDE_IN_FRAMEWORK_HEADER = YES;
				CLANG_WARN_RANGE_LOOP_ANALYSIS = YES;
				CLANG_WARN_STRICT_PROTOTYPES = YES;
				CLANG_WARN_SUSPICIOUS_MOVE = YES;
				CLANG_WARN_UNGUARDED_AVAILABILITY = YES_AGGRESSIVE;
				CLANG_WARN_UNREACHABLE_CODE = YES;
				CLANG_WARN__DUPLICATE_METHOD_MATCH = YES;
				COPY_PHASE_STRIP = NO;
				DEBUG_INFORMATION_FORMAT = dwarf;
				ENABLE_STRICT_OBJC_MSGSEND = YES;
				ENABLE_TESTABILITY = YES;
				GCC_C_LANGUAGE_STANDARD = gnu11;
				GCC_DYNAMIC_NO_PIC = NO;
				GCC_NO_COMMON_BLOCKS = YES;
				GCC_OPTIMIZATION_LEVEL = 0;
				GCC_PREPROCESSOR_DEFINITIONS = (
					"DEBUG=1",
					"$(inherited)",
				);
				GCC_WARN_64_TO_32_BIT_CONVERSION = YES;
				GCC_WARN_ABOUT_RETURN_TYPE = YES_ERROR;
				GCC_WARN_UNDECLARED_SELECTOR = YES;
				GCC_WARN_UNINITIALIZED_AUTOS = YES_AGGRESSIVE;
				GCC_WARN_UNUSED_FUNCTION = YES;
				GCC_WARN_UNUSED_VARIABLE = YES;
				IPHONEOS_DEPLOYMENT_TARGET = 16.4;
				MTL_ENABLE_DEBUG_INFO = INCLUDE_SOURCE;
				MTL_FAST_MATH = YES;
				ONLY_ACTIVE_ARCH = YES;
				SDKROOT = iphoneos;
				SWIFT_ACTIVE_COMPILATION_CONDITIONS = DEBUG;
				SWIFT_OPTIMIZATION_LEVEL = "-Onone";
			};
			name = Debug;
		};
		652612FE29F5C8680024EB4A /* Release */ = {
			isa = XCBuildConfiguration;
			buildSettings = {
				ALWAYS_SEARCH_USER_PATHS = NO;
				CLANG_ANALYZER_NONNULL = YES;
				CLANG_ANALYZER_NUMBER_OBJECT_CONVERSION = YES_AGGRESSIVE;
				CLANG_CXX_LANGUAGE_STANDARD = "gnu++20";
				CLANG_ENABLE_MODULES = YES;
				CLANG_ENABLE_OBJC_ARC = YES;
				CLANG_ENABLE_OBJC_WEAK = YES;
				CLANG_WARN_BLOCK_CAPTURE_AUTORELEASING = YES;
				CLANG_WARN_BOOL_CONVERSION = YES;
				CLANG_WARN_COMMA = YES;
				CLANG_WARN_CONSTANT_CONVERSION = YES;
				CLANG_WARN_DEPRECATED_OBJC_IMPLEMENTATIONS = YES;
				CLANG_WARN_DIRECT_OBJC_ISA_USAGE = YES_ERROR;
				CLANG_WARN_DOCUMENTATION_COMMENTS = YES;
				CLANG_WARN_EMPTY_BODY = YES;
				CLANG_WARN_ENUM_CONVERSION = YES;
				CLANG_WARN_INFINITE_RECURSION = YES;
				CLANG_WARN_INT_CONVERSION = YES;
				CLANG_WARN_NON_LITERAL_NULL_CONVERSION = YES;
				CLANG_WARN_OBJC_IMPLICIT_RETAIN_SELF = YES;
				CLANG_WARN_OBJC_LITERAL_CONVERSION = YES;
				CLANG_WARN_OBJC_ROOT_CLASS = YES_ERROR;
				CLANG_WARN_QUOTED_INCLUDE_IN_FRAMEWORK_HEADER = YES;
				CLANG_WARN_RANGE_LOOP_ANALYSIS = YES;
				CLANG_WARN_STRICT_PROTOTYPES = YES;
				CLANG_WARN_SUSPICIOUS_MOVE = YES;
				CLANG_WARN_UNGUARDED_AVAILABILITY = YES_AGGRESSIVE;
				CLANG_WARN_UNREACHABLE_CODE = YES;
				CLANG_WARN__DUPLICATE_METHOD_MATCH = YES;
				COPY_PHASE_STRIP = NO;
				DEBUG_INFORMATION_FORMAT = "dwarf-with-dsym";
				ENABLE_NS_ASSERTIONS = NO;
				ENABLE_STRICT_OBJC_MSGSEND = YES;
				GCC_C_LANGUAGE_STANDARD = gnu11;
				GCC_NO_COMMON_BLOCKS = YES;
				GCC_WARN_64_TO_32_BIT_CONVERSION = YES;
				GCC_WARN_ABOUT_RETURN_TYPE = YES_ERROR;
				GCC_WARN_UNDECLARED_SELECTOR = YES;
				GCC_WARN_UNINITIALIZED_AUTOS = YES_AGGRESSIVE;
				GCC_WARN_UNUSED_FUNCTION = YES;
				GCC_WARN_UNUSED_VARIABLE = YES;
				IPHONEOS_DEPLOYMENT_TARGET = 16.4;
				MTL_ENABLE_DEBUG_INFO = NO;
				MTL_FAST_MATH = YES;
				SDKROOT = iphoneos;
				SWIFT_COMPILATION_MODE = wholemodule;
				SWIFT_OPTIMIZATION_LEVEL = "-O";
				VALIDATE_PRODUCT = YES;
			};
			name = Release;
		};
		6526130029F5C8680024EB4A /* Debug */ = {
			isa = XCBuildConfiguration;
			buildSettings = {
				ASSETCATALOG_COMPILER_APPICON_NAME = AppIcon;
				ASSETCATALOG_COMPILER_GLOBAL_ACCENT_COLOR_NAME = AccentColor;
				CODE_SIGN_STYLE = Automatic;
				CURRENT_PROJECT_VERSION = 1;
				DEVELOPMENT_TEAM = U7J6A6CHGG;
				GENERATE_INFOPLIST_FILE = YES;
				INFOPLIST_FILE = "tip-calculator/Info.plist";
				INFOPLIST_KEY_UIApplicationSupportsIndirectInputEvents = YES;
				INFOPLIST_KEY_UILaunchStoryboardName = LaunchScreen;
				INFOPLIST_KEY_UISupportedInterfaceOrientations_iPad = "UIInterfaceOrientationPortrait UIInterfaceOrientationPortraitUpsideDown UIInterfaceOrientationLandscapeLeft UIInterfaceOrientationLandscapeRight";
				INFOPLIST_KEY_UISupportedInterfaceOrientations_iPhone = "UIInterfaceOrientationPortrait UIInterfaceOrientationLandscapeLeft UIInterfaceOrientationLandscapeRight";
				LD_RUNPATH_SEARCH_PATHS = (
					"$(inherited)",
					"@executable_path/Frameworks",
				);
				MARKETING_VERSION = 1.0;
				PRODUCT_BUNDLE_IDENTIFIER = "derekkim.tip-calculator";
				PRODUCT_NAME = "$(TARGET_NAME)";
				SWIFT_EMIT_LOC_STRINGS = YES;
				SWIFT_VERSION = 5.0;
				TARGETED_DEVICE_FAMILY = "1,2";
			};
			name = Debug;
		};
		6526130129F5C8680024EB4A /* Release */ = {
			isa = XCBuildConfiguration;
			buildSettings = {
				ASSETCATALOG_COMPILER_APPICON_NAME = AppIcon;
				ASSETCATALOG_COMPILER_GLOBAL_ACCENT_COLOR_NAME = AccentColor;
				CODE_SIGN_STYLE = Automatic;
				CURRENT_PROJECT_VERSION = 1;
				DEVELOPMENT_TEAM = U7J6A6CHGG;
				GENERATE_INFOPLIST_FILE = YES;
				INFOPLIST_FILE = "tip-calculator/Info.plist";
				INFOPLIST_KEY_UIApplicationSupportsIndirectInputEvents = YES;
				INFOPLIST_KEY_UILaunchStoryboardName = LaunchScreen;
				INFOPLIST_KEY_UISupportedInterfaceOrientations_iPad = "UIInterfaceOrientationPortrait UIInterfaceOrientationPortraitUpsideDown UIInterfaceOrientationLandscapeLeft UIInterfaceOrientationLandscapeRight";
				INFOPLIST_KEY_UISupportedInterfaceOrientations_iPhone = "UIInterfaceOrientationPortrait UIInterfaceOrientationLandscapeLeft UIInterfaceOrientationLandscapeRight";
				LD_RUNPATH_SEARCH_PATHS = (
					"$(inherited)",
					"@executable_path/Frameworks",
				);
				MARKETING_VERSION = 1.0;
				PRODUCT_BUNDLE_IDENTIFIER = "derekkim.tip-calculator";
				PRODUCT_NAME = "$(TARGET_NAME)";
				SWIFT_EMIT_LOC_STRINGS = YES;
				SWIFT_VERSION = 5.0;
				TARGETED_DEVICE_FAMILY = "1,2";
			};
			name = Release;
		};
		6526130329F5C8680024EB4A /* Debug */ = {
			isa = XCBuildConfiguration;
			buildSettings = {
				ALWAYS_EMBED_SWIFT_STANDARD_LIBRARIES = YES;
				BUNDLE_LOADER = "$(TEST_HOST)";
				CODE_SIGN_STYLE = Automatic;
				CURRENT_PROJECT_VERSION = 1;
				DEVELOPMENT_TEAM = U7J6A6CHGG;
				GENERATE_INFOPLIST_FILE = YES;
				IPHONEOS_DEPLOYMENT_TARGET = 16.4;
				MARKETING_VERSION = 1.0;
				PRODUCT_BUNDLE_IDENTIFIER = "derekkim.tip-calculatorTests";
				PRODUCT_NAME = "$(TARGET_NAME)";
				SWIFT_EMIT_LOC_STRINGS = NO;
				SWIFT_VERSION = 5.0;
				TARGETED_DEVICE_FAMILY = "1,2";
				TEST_HOST = "$(BUILT_PRODUCTS_DIR)/tip-calculator.app/$(BUNDLE_EXECUTABLE_FOLDER_PATH)/tip-calculator";
			};
			name = Debug;
		};
		6526130429F5C8680024EB4A /* Release */ = {
			isa = XCBuildConfiguration;
			buildSettings = {
				ALWAYS_EMBED_SWIFT_STANDARD_LIBRARIES = YES;
				BUNDLE_LOADER = "$(TEST_HOST)";
				CODE_SIGN_STYLE = Automatic;
				CURRENT_PROJECT_VERSION = 1;
				DEVELOPMENT_TEAM = U7J6A6CHGG;
				GENERATE_INFOPLIST_FILE = YES;
				IPHONEOS_DEPLOYMENT_TARGET = 16.4;
				MARKETING_VERSION = 1.0;
				PRODUCT_BUNDLE_IDENTIFIER = "derekkim.tip-calculatorTests";
				PRODUCT_NAME = "$(TARGET_NAME)";
				SWIFT_EMIT_LOC_STRINGS = NO;
				SWIFT_VERSION = 5.0;
				TARGETED_DEVICE_FAMILY = "1,2";
				TEST_HOST = "$(BUILT_PRODUCTS_DIR)/tip-calculator.app/$(BUNDLE_EXECUTABLE_FOLDER_PATH)/tip-calculator";
			};
			name = Release;
		};
		6526130629F5C8680024EB4A /* Debug */ = {
			isa = XCBuildConfiguration;
			buildSettings = {
				ALWAYS_EMBED_SWIFT_STANDARD_LIBRARIES = YES;
				CODE_SIGN_STYLE = Automatic;
				CURRENT_PROJECT_VERSION = 1;
				DEVELOPMENT_TEAM = U7J6A6CHGG;
				GENERATE_INFOPLIST_FILE = YES;
				MARKETING_VERSION = 1.0;
				PRODUCT_BUNDLE_IDENTIFIER = "derekkim.tip-calculatorUITests";
				PRODUCT_NAME = "$(TARGET_NAME)";
				SWIFT_EMIT_LOC_STRINGS = NO;
				SWIFT_VERSION = 5.0;
				TARGETED_DEVICE_FAMILY = "1,2";
				TEST_TARGET_NAME = "tip-calculator";
			};
			name = Debug;
		};
		6526130729F5C8680024EB4A /* Release */ = {
			isa = XCBuildConfiguration;
			buildSettings = {
				ALWAYS_EMBED_SWIFT_STANDARD_LIBRARIES = YES;
				CODE_SIGN_STYLE = Automatic;
				CURRENT_PROJECT_VERSION = 1;
				DEVELOPMENT_TEAM = U7J6A6CHGG;
				GENERATE_INFOPLIST_FILE = YES;
				MARKETING_VERSION = 1.0;
				PRODUCT_BUNDLE_IDENTIFIER = "derekkim.tip-calculatorUITests";
				PRODUCT_NAME = "$(TARGET_NAME)";
				SWIFT_EMIT_LOC_STRINGS = NO;
				SWIFT_VERSION = 5.0;
				TARGETED_DEVICE_FAMILY = "1,2";
				TEST_TARGET_NAME = "tip-calculator";
			};
			name = Release;
		};
/* End XCBuildConfiguration section */

/* Begin XCConfigurationList section */
		652612D029F5C8660024EB4A /* Build configuration list for PBXProject "tip-calculator" */ = {
			isa = XCConfigurationList;
			buildConfigurations = (
				652612FD29F5C8680024EB4A /* Debug */,
				652612FE29F5C8680024EB4A /* Release */,
			);
			defaultConfigurationIsVisible = 0;
			defaultConfigurationName = Release;
		};
		652612FF29F5C8680024EB4A /* Build configuration list for PBXNativeTarget "tip-calculator" */ = {
			isa = XCConfigurationList;
			buildConfigurations = (
				6526130029F5C8680024EB4A /* Debug */,
				6526130129F5C8680024EB4A /* Release */,
			);
			defaultConfigurationIsVisible = 0;
			defaultConfigurationName = Release;
		};
		6526130229F5C8680024EB4A /* Build configuration list for PBXNativeTarget "tip-calculatorTests" */ = {
			isa = XCConfigurationList;
			buildConfigurations = (
				6526130329F5C8680024EB4A /* Debug */,
				6526130429F5C8680024EB4A /* Release */,
			);
			defaultConfigurationIsVisible = 0;
			defaultConfigurationName = Release;
		};
		6526130529F5C8680024EB4A /* Build configuration list for PBXNativeTarget "tip-calculatorUITests" */ = {
			isa = XCConfigurationList;
			buildConfigurations = (
				6526130629F5C8680024EB4A /* Debug */,
				6526130729F5C8680024EB4A /* Release */,
			);
			defaultConfigurationIsVisible = 0;
			defaultConfigurationName = Release;
		};
/* End XCConfigurationList section */

/* Begin XCRemoteSwiftPackageReference section */
		6526130829F5C8840024EB4A /* XCRemoteSwiftPackageReference "combinecocoa" */ = {
			isa = XCRemoteSwiftPackageReference;
			repositoryURL = "https://github.com/combinecommunity/combinecocoa";
			requirement = {
				kind = upToNextMinorVersion;
				minimumVersion = 0.4.1;
			};
		};
		6526130B29F5C8C30024EB4A /* XCRemoteSwiftPackageReference "snapkit" */ = {
			isa = XCRemoteSwiftPackageReference;
			repositoryURL = "https://github.com/snapkit/snapkit";
			requirement = {
				kind = upToNextMinorVersion;
				minimumVersion = 5.6.0;
			};
		};
		6526131129F5C92C0024EB4A /* XCRemoteSwiftPackageReference "swift-snapshot-testing" */ = {
			isa = XCRemoteSwiftPackageReference;
			repositoryURL = "https://github.com/pointfreeco/swift-snapshot-testing";
			requirement = {
				kind = upToNextMinorVersion;
				minimumVersion = 1.11.0;
			};
		};
/* End XCRemoteSwiftPackageReference section */

/* Begin XCSwiftPackageProductDependency section */
		6526130929F5C8840024EB4A /* CombineCocoa */ = {
			isa = XCSwiftPackageProductDependency;
			package = 6526130829F5C8840024EB4A /* XCRemoteSwiftPackageReference "combinecocoa" */;
			productName = CombineCocoa;
		};
		6526130C29F5C8C30024EB4A /* SnapKit */ = {
			isa = XCSwiftPackageProductDependency;
			package = 6526130B29F5C8C30024EB4A /* XCRemoteSwiftPackageReference "snapkit" */;
			productName = SnapKit;
		};
		6526130F29F5C8F10024EB4A /* CombineCocoa */ = {
			isa = XCSwiftPackageProductDependency;
			package = 6526130829F5C8840024EB4A /* XCRemoteSwiftPackageReference "combinecocoa" */;
			productName = CombineCocoa;
		};
		6526131229F5C92C0024EB4A /* SnapshotTesting */ = {
			isa = XCSwiftPackageProductDependency;
			package = 6526131129F5C92C0024EB4A /* XCRemoteSwiftPackageReference "swift-snapshot-testing" */;
			productName = SnapshotTesting;
		};
		6526131429F5C9450024EB4A /* CombineCocoa */ = {
			isa = XCSwiftPackageProductDependency;
			package = 6526130829F5C8840024EB4A /* XCRemoteSwiftPackageReference "combinecocoa" */;
			productName = CombineCocoa;
		};
/* End XCSwiftPackageProductDependency section */
	};
	rootObject = 652612CD29F5C8660024EB4A /* Project object */;
}
